
Microsoft Visual Studio Solution File, Format Version 12.00
# Visual Studio Version 17
VisualStudioVersion = 17.1.32210.238
MinimumVisualStudioVersion = 10.0.40219.1
Project("{8BC9CEB8-8B4A-11D0-8D11-00A0C91BC942}") = "BasicHttpServerWrittenInCpp", "BasicHttpServerWrittenInCpp\BasicHttpServerWrittenInCpp.vcxproj", "{577C9027-A1BB-4650-BAFD-309D4C8F28D0}"
EndProject
Project("{8BC9CEB8-8B4A-11D0-8D11-00A0C91BC942}") = "BasicHttpServerWrittenInCpp-test", "BasicHttpServerWrittenInCpp-test\BasicHttpServerWrittenInCpp-test.vcxproj", "{FECD9068-663D-4272-AABF-284694F8B447}"
EndProject
Global
	GlobalSection(SolutionConfigurationPlatforms) = preSolution
		Debug|x64 = Debug|x64
		Debug|x86 = Debug|x86
		Release|x64 = Release|x64
		Release|x86 = Release|x86
	EndGlobalSection
	GlobalSection(ProjectConfigurationPlatforms) = postSolution
		{577C9027-A1BB-4650-BAFD-309D4C8F28D0}.Debug|x64.ActiveCfg = Debug|x64
		{577C9027-A1BB-4650-BAFD-309D4C8F28D0}.Debug|x64.Build.0 = Debug|x64
		{577C9027-A1BB-4650-BAFD-309D4C8F28D0}.Debug|x86.ActiveCfg = Debug|Win32
		{577C9027-A1BB-4650-BAFD-309D4C8F28D0}.Debug|x86.Build.0 = Debug|Win32
		{577C9027-A1BB-4650-BAFD-309D4C8F28D0}.Release|x64.ActiveCfg = Release|x64
		{577C9027-A1BB-4650-BAFD-309D4C8F28D0}.Release|x64.Build.0 = Release|x64
		{577C9027-A1BB-4650-BAFD-309D4C8F28D0}.Release|x86.ActiveCfg = Release|Win32
		{577C9027-A1BB-4650-BAFD-309D4C8F28D0}.Release|x86.Build.0 = Release|Win32
		{FECD9068-663D-4272-AABF-284694F8B447}.Debug|x64.ActiveCfg = Debug|x64
		{FECD9068-663D-4272-AABF-284694F8B447}.Debug|x64.Build.0 = Debug|x64
		{FECD9068-663D-4272-AABF-284694F8B447}.Debug|x86.ActiveCfg = Debug|Win32
		{FECD9068-663D-4272-AABF-284694F8B447}.Debug|x86.Build.0 = Debug|Win32
		{FECD9068-663D-4272-AABF-284694F8B447}.Release|x64.ActiveCfg = Release|x64
		{FECD9068-663D-4272-AABF-284694F8B447}.Release|x64.Build.0 = Release|x64
		{FECD9068-663D-4272-AABF-284694F8B447}.Release|x86.ActiveCfg = Release|Win32
		{FECD9068-663D-4272-AABF-284694F8B447}.Release|x86.Build.0 = Release|Win32
	EndGlobalSection
	GlobalSection(SolutionProperties) = preSolution
		HideSolutionNode = FALSE
	EndGlobalSection
	GlobalSection(ExtensibilityGlobals) = postSolution
		SolutionGuid = {B8D47007-37F3-420A-B804-019DE8FF5285}
	EndGlobalSection
EndGlobal
